id: dnn_dnn_onnx_python
label: ONNX PMT
category: '[DNN]'

templates:
  imports: import dnn
  make: dnn.dnn_onnx_python(${onnxModelFilePath}, ${enableProfiling}, ${profilingPrintInterval})

parameters:
- id: onnxModelFilePath
  label: ONNX model file path
  dtype: file_open
- id: enableProfiling
  label: Enable profiling
  dtype: bool
  default: 'False'
- id: profilingPrintInterval
  label: Profiling print interval (s)
  dtype: float
  default: '1.0'

inputs:
- label: Input
  dtype: message

outputs:
- label: Output
  dtype: message

file_format: 1
